PODS:
  - JKSteppedProgressBar (0.2.1)

DEPENDENCIES:
  - JKSteppedProgressBar (from `../`)

EXTERNAL SOURCES:
  JKSteppedProgressBar:
    :path: ../

SPEC CHECKSUMS:
  JKSteppedProgressBar: ea43dd75f7c381b9c41d4fdd5941088009a6a0f1

PODFILE CHECKSUM: 7484a56bf95842b005f6fc44a694218056c11452

COCOAPODS: 1.1.1
