PODS:
  - JKSteppedProgressBar (0.4.0)

DEPENDENCIES:
  - JKSteppedProgressBar (from `../`)

EXTERNAL SOURCES:
  JKSteppedProgressBar:
    :path: ../

SPEC CHECKSUMS:
  JKSteppedProgressBar: 15b565263febd4eebc10a54b461978cbdb44f02b

PODFILE CHECKSUM: ba934cd1a7deb75a79c480358beefa12dc74330d

COCOAPODS: 1.3.1
